
Microsoft Visual Studio Solution File, Format Version 12.00
# Visual Studio 2013
VisualStudioVersion = 12.0.21005.1
MinimumVisualStudioVersion = 10.0.40219.1
Project("{FAE04EC0-301F-11D3-BF4B-00C04F79EFBC}") = "SimpleMailer", "SimpleMailer.csproj", "{8B16A642-4233-4962-8125-829255EE966F}"
EndProject
Project("{2150E333-8FDC-42A3-9474-1A3956D46DE8}") = ".nuget", ".nuget", "{BE9371BE-F24E-45C4-8A13-03B13A140DBC}"
	ProjectSection(SolutionItems) = preProject
		.nuget\NuGet.Config = .nuget\NuGet.Config
		.nuget\NuGet.exe = .nuget\NuGet.exe
		.nuget\NuGet.targets = .nuget\NuGet.targets
	EndProjectSection
EndProject
Global
	GlobalSection(SolutionConfigurationPlatforms) = preSolution
		Debug|Any CPU = Debug|Any CPU
		Release|Any CPU = Release|Any CPU
	EndGlobalSection
	GlobalSection(ProjectConfigurationPlatforms) = postSolution
		{8B16A642-4233-4962-8125-829255EE966F}.Debug|Any CPU.ActiveCfg = Debug|Any CPU
		{8B16A642-4233-4962-8125-829255EE966F}.Debug|Any CPU.Build.0 = Debug|Any CPU
		{8B16A642-4233-4962-8125-829255EE966F}.Release|Any CPU.ActiveCfg = Release|Any CPU
		{8B16A642-4233-4962-8125-829255EE966F}.Release|Any CPU.Build.0 = Release|Any CPU
	EndGlobalSection
	GlobalSection(SolutionProperties) = preSolution
		HideSolutionNode = FALSE
	EndGlobalSection
EndGlobal
